
Microsoft Visual Studio Solution File, Format Version 12.00
# Visual Studio Version 17
VisualStudioVersion = 17.12.35527.113
MinimumVisualStudioVersion = 10.0.40219.1
Project("{FAE04EC0-301F-11D3-BF4B-00C04F79EFBC}") = "UI", "UI\UI.csproj", "{18DCD467-D9F1-4F11-8A56-A8AC1B6E7CD4}"
EndProject
Project("{FAE04EC0-301F-11D3-BF4B-00C04F79EFBC}") = "Domain", "Domain\Domain.csproj", "{169BF40B-F90E-420F-9648-AE02CE4F975E}"
EndProject
Project("{FAE04EC0-301F-11D3-BF4B-00C04F79EFBC}") = "Application", "Application\Application.csproj", "{F31038E1-B5BC-45D7-88B0-E72BBBA0E93A}"
EndProject
Project("{FAE04EC0-301F-11D3-BF4B-00C04F79EFBC}") = "Infrastructure", "Infrastructure\Infrastructure.csproj", "{72582D10-2052-4064-94A8-88727B8BD0D0}"
EndProject
Project("{FAE04EC0-301F-11D3-BF4B-00C04F79EFBC}") = "Test", "Test\Test.csproj", "{740FF9F2-172E-41EC-AAB9-201AFA0DA345}"
EndProject
Project("{FAE04EC0-301F-11D3-BF4B-00C04F79EFBC}") = "API", "API\API.csproj", "{E765AB8C-E0B8-44F8-BE0C-ED3A3A26FEE9}"
EndProject
Global
	GlobalSection(SolutionConfigurationPlatforms) = preSolution
		Debug|Any CPU = Debug|Any CPU
		Release|Any CPU = Release|Any CPU
	EndGlobalSection
	GlobalSection(ProjectConfigurationPlatforms) = postSolution
		{18DCD467-D9F1-4F11-8A56-A8AC1B6E7CD4}.Debug|Any CPU.ActiveCfg = Debug|Any CPU
		{18DCD467-D9F1-4F11-8A56-A8AC1B6E7CD4}.Debug|Any CPU.Build.0 = Debug|Any CPU
		{18DCD467-D9F1-4F11-8A56-A8AC1B6E7CD4}.Release|Any CPU.ActiveCfg = Release|Any CPU
		{18DCD467-D9F1-4F11-8A56-A8AC1B6E7CD4}.Release|Any CPU.Build.0 = Release|Any CPU
		{169BF40B-F90E-420F-9648-AE02CE4F975E}.Debug|Any CPU.ActiveCfg = Debug|Any CPU
		{169BF40B-F90E-420F-9648-AE02CE4F975E}.Debug|Any CPU.Build.0 = Debug|Any CPU
		{169BF40B-F90E-420F-9648-AE02CE4F975E}.Release|Any CPU.ActiveCfg = Release|Any CPU
		{169BF40B-F90E-420F-9648-AE02CE4F975E}.Release|Any CPU.Build.0 = Release|Any CPU
		{F31038E1-B5BC-45D7-88B0-E72BBBA0E93A}.Debug|Any CPU.ActiveCfg = Debug|Any CPU
		{F31038E1-B5BC-45D7-88B0-E72BBBA0E93A}.Debug|Any CPU.Build.0 = Debug|Any CPU
		{F31038E1-B5BC-45D7-88B0-E72BBBA0E93A}.Release|Any CPU.ActiveCfg = Release|Any CPU
		{F31038E1-B5BC-45D7-88B0-E72BBBA0E93A}.Release|Any CPU.Build.0 = Release|Any CPU
		{72582D10-2052-4064-94A8-88727B8BD0D0}.Debug|Any CPU.ActiveCfg = Debug|Any CPU
		{72582D10-2052-4064-94A8-88727B8BD0D0}.Debug|Any CPU.Build.0 = Debug|Any CPU
		{72582D10-2052-4064-94A8-88727B8BD0D0}.Release|Any CPU.ActiveCfg = Release|Any CPU
		{72582D10-2052-4064-94A8-88727B8BD0D0}.Release|Any CPU.Build.0 = Release|Any CPU
		{740FF9F2-172E-41EC-AAB9-201AFA0DA345}.Debug|Any CPU.ActiveCfg = Debug|Any CPU
		{740FF9F2-172E-41EC-AAB9-201AFA0DA345}.Debug|Any CPU.Build.0 = Debug|Any CPU
		{740FF9F2-172E-41EC-AAB9-201AFA0DA345}.Release|Any CPU.ActiveCfg = Release|Any CPU
		{740FF9F2-172E-41EC-AAB9-201AFA0DA345}.Release|Any CPU.Build.0 = Release|Any CPU
		{E765AB8C-E0B8-44F8-BE0C-ED3A3A26FEE9}.Debug|Any CPU.ActiveCfg = Debug|Any CPU
		{E765AB8C-E0B8-44F8-BE0C-ED3A3A26FEE9}.Debug|Any CPU.Build.0 = Debug|Any CPU
		{E765AB8C-E0B8-44F8-BE0C-ED3A3A26FEE9}.Release|Any CPU.ActiveCfg = Release|Any CPU
		{E765AB8C-E0B8-44F8-BE0C-ED3A3A26FEE9}.Release|Any CPU.Build.0 = Release|Any CPU
	EndGlobalSection
	GlobalSection(SolutionProperties) = preSolution
		HideSolutionNode = FALSE
	EndGlobalSection
	GlobalSection(ExtensibilityGlobals) = postSolution
		SolutionGuid = {C26DB9AF-C102-4FFA-AB4A-EBCFAEEB8CB1}
	EndGlobalSection
EndGlobal
